
Microsoft Visual Studio Solution File, Format Version 12.00
# Visual Studio Version 17
VisualStudioVersion = 17.8.34408.163
MinimumVisualStudioVersion = 10.0.40219.1
Project("{FAE04EC0-301F-11D3-BF4B-00C04F79EFBC}") = "Delegate Calculator", "Delegate Calculator.csproj", "{D361C370-B44D-4789-B7D0-84978FDE80CA}"
EndProject
Global
	GlobalSection(SolutionConfigurationPlatforms) = preSolution
		Debug|Any CPU = Debug|Any CPU
		Release|Any CPU = Release|Any CPU
	EndGlobalSection
	GlobalSection(ProjectConfigurationPlatforms) = postSolution
		{D361C370-B44D-4789-B7D0-84978FDE80CA}.Debug|Any CPU.ActiveCfg = Debug|Any CPU
		{D361C370-B44D-4789-B7D0-84978FDE80CA}.Debug|Any CPU.Build.0 = Debug|Any CPU
		{D361C370-B44D-4789-B7D0-84978FDE80CA}.Release|Any CPU.ActiveCfg = Release|Any CPU
		{D361C370-B44D-4789-B7D0-84978FDE80CA}.Release|Any CPU.Build.0 = Release|Any CPU
	EndGlobalSection
	GlobalSection(SolutionProperties) = preSolution
		HideSolutionNode = FALSE
	EndGlobalSection
	GlobalSection(ExtensibilityGlobals) = postSolution
		SolutionGuid = {12C7C69A-ACDE-4D2B-A12C-958C479D361C}
	EndGlobalSection
EndGlobal
